
Microsoft Visual Studio Solution File, Format Version 12.00
# Visual Studio Version 17
VisualStudioVersion = 17.1.32414.318
MinimumVisualStudioVersion = 10.0.40219.1
Project("{9A19103F-16F7-4668-BE54-9A1E7A4F7556}") = "Lab 1", "Lab 1\Lab 1.csproj", "{38D4AA12-7CE2-4344-9690-15B0D4B71257}"
EndProject
Project("{9A19103F-16F7-4668-BE54-9A1E7A4F7556}") = "Lab3", "Lab3\Lab3.csproj", "{5C5EFBF0-F3CB-4047-894E-963EF5C5AE92}"
EndProject
Project("{FAE04EC0-301F-11D3-BF4B-00C04F79EFBC}") = "Lab 4", "Lab 4\Lab 4.csproj", "{F19A11AC-6350-4AFF-8C76-AA0586B18EFE}"
EndProject
Global
	GlobalSection(SolutionConfigurationPlatforms) = preSolution
		Debug|Any CPU = Debug|Any CPU
		Release|Any CPU = Release|Any CPU
	EndGlobalSection
	GlobalSection(ProjectConfigurationPlatforms) = postSolution
		{38D4AA12-7CE2-4344-9690-15B0D4B71257}.Debug|Any CPU.ActiveCfg = Debug|Any CPU
		{38D4AA12-7CE2-4344-9690-15B0D4B71257}.Debug|Any CPU.Build.0 = Debug|Any CPU
		{38D4AA12-7CE2-4344-9690-15B0D4B71257}.Release|Any CPU.ActiveCfg = Release|Any CPU
		{38D4AA12-7CE2-4344-9690-15B0D4B71257}.Release|Any CPU.Build.0 = Release|Any CPU
		{5C5EFBF0-F3CB-4047-894E-963EF5C5AE92}.Debug|Any CPU.ActiveCfg = Debug|Any CPU
		{5C5EFBF0-F3CB-4047-894E-963EF5C5AE92}.Debug|Any CPU.Build.0 = Debug|Any CPU
		{5C5EFBF0-F3CB-4047-894E-963EF5C5AE92}.Release|Any CPU.ActiveCfg = Release|Any CPU
		{5C5EFBF0-F3CB-4047-894E-963EF5C5AE92}.Release|Any CPU.Build.0 = Release|Any CPU
		{F19A11AC-6350-4AFF-8C76-AA0586B18EFE}.Debug|Any CPU.ActiveCfg = Debug|Any CPU
		{F19A11AC-6350-4AFF-8C76-AA0586B18EFE}.Debug|Any CPU.Build.0 = Debug|Any CPU
		{F19A11AC-6350-4AFF-8C76-AA0586B18EFE}.Release|Any CPU.ActiveCfg = Release|Any CPU
		{F19A11AC-6350-4AFF-8C76-AA0586B18EFE}.Release|Any CPU.Build.0 = Release|Any CPU
	EndGlobalSection
	GlobalSection(SolutionProperties) = preSolution
		HideSolutionNode = FALSE
	EndGlobalSection
	GlobalSection(ExtensibilityGlobals) = postSolution
		SolutionGuid = {F96FF757-57BF-40F1-A581-774A8DA20C6A}
	EndGlobalSection
EndGlobal
